
Microsoft Visual Studio Solution File, Format Version 12.00
# Visual Studio Version 16
VisualStudioVersion = 16.0.29806.167
MinimumVisualStudioVersion = 10.0.40219.1
Project("{9A19103F-16F7-4668-BE54-9A1E7A4F7556}") = "CAB-INVOICE-GENERATOR", "CAB-INVOICE-GENERATOR\CAB-INVOICE-GENERATOR.csproj", "{55BE6D75-2316-4DF6-84B2-B604941BCA89}"
EndProject
Project("{FAE04EC0-301F-11D3-BF4B-00C04F79EFBC}") = "NUnitTestCabInvoiceGenerator", "NUnitTestCabInvoiceGenerator\NUnitTestCabInvoiceGenerator.csproj", "{0AE26CB8-77CB-4D3E-9899-F480EC337F75}"
EndProject
Global
	GlobalSection(SolutionConfigurationPlatforms) = preSolution
		Debug|Any CPU = Debug|Any CPU
		Release|Any CPU = Release|Any CPU
	EndGlobalSection
	GlobalSection(ProjectConfigurationPlatforms) = postSolution
		{55BE6D75-2316-4DF6-84B2-B604941BCA89}.Debug|Any CPU.ActiveCfg = Debug|Any CPU
		{55BE6D75-2316-4DF6-84B2-B604941BCA89}.Debug|Any CPU.Build.0 = Debug|Any CPU
		{55BE6D75-2316-4DF6-84B2-B604941BCA89}.Release|Any CPU.ActiveCfg = Release|Any CPU
		{55BE6D75-2316-4DF6-84B2-B604941BCA89}.Release|Any CPU.Build.0 = Release|Any CPU
		{0AE26CB8-77CB-4D3E-9899-F480EC337F75}.Debug|Any CPU.ActiveCfg = Debug|Any CPU
		{0AE26CB8-77CB-4D3E-9899-F480EC337F75}.Debug|Any CPU.Build.0 = Debug|Any CPU
		{0AE26CB8-77CB-4D3E-9899-F480EC337F75}.Release|Any CPU.ActiveCfg = Release|Any CPU
		{0AE26CB8-77CB-4D3E-9899-F480EC337F75}.Release|Any CPU.Build.0 = Release|Any CPU
	EndGlobalSection
	GlobalSection(SolutionProperties) = preSolution
		HideSolutionNode = FALSE
	EndGlobalSection
	GlobalSection(ExtensibilityGlobals) = postSolution
		SolutionGuid = {595BB6C0-EB85-4CDD-A7AC-22C25F812D85}
	EndGlobalSection
EndGlobal
